
Microsoft Visual Studio Solution File, Format Version 12.00
# Visual Studio 2012
Project("{FAE04EC0-301F-11D3-BF4B-00C04F79EFBC}") = "Delegate", "Delegate\Delegate.csproj", "{0CE5D947-5B43-41C0-A74D-36004D636CBA}"
EndProject
Project("{FAE04EC0-301F-11D3-BF4B-00C04F79EFBC}") = "Action", "Action\Action.csproj", "{22AE793F-FEE4-40AD-9B1C-ABE18313A5AA}"
EndProject
Project("{FAE04EC0-301F-11D3-BF4B-00C04F79EFBC}") = "Func", "Func\Func.csproj", "{8737DE47-2041-400C-AAC9-36BCE194F5E4}"
EndProject
Project("{FAE04EC0-301F-11D3-BF4B-00C04F79EFBC}") = "AnonymousFunctions", "AnonymousFunctions\AnonymousFunctions.csproj", "{C84A904E-A240-4F9C-BE8E-943AB9C3B21F}"
EndProject
Project("{FAE04EC0-301F-11D3-BF4B-00C04F79EFBC}") = "MulticastDelegate", "MulticastDelegate\MulticastDelegate.csproj", "{51B9B71C-79E5-4FC7-90BD-49911C653BDE}"
EndProject
Global
	GlobalSection(SolutionConfigurationPlatforms) = preSolution
		Debug|Any CPU = Debug|Any CPU
		Release|Any CPU = Release|Any CPU
	EndGlobalSection
	GlobalSection(ProjectConfigurationPlatforms) = postSolution
		{0CE5D947-5B43-41C0-A74D-36004D636CBA}.Debug|Any CPU.ActiveCfg = Debug|Any CPU
		{0CE5D947-5B43-41C0-A74D-36004D636CBA}.Debug|Any CPU.Build.0 = Debug|Any CPU
		{0CE5D947-5B43-41C0-A74D-36004D636CBA}.Release|Any CPU.ActiveCfg = Release|Any CPU
		{0CE5D947-5B43-41C0-A74D-36004D636CBA}.Release|Any CPU.Build.0 = Release|Any CPU
		{22AE793F-FEE4-40AD-9B1C-ABE18313A5AA}.Debug|Any CPU.ActiveCfg = Debug|Any CPU
		{22AE793F-FEE4-40AD-9B1C-ABE18313A5AA}.Debug|Any CPU.Build.0 = Debug|Any CPU
		{22AE793F-FEE4-40AD-9B1C-ABE18313A5AA}.Release|Any CPU.ActiveCfg = Release|Any CPU
		{22AE793F-FEE4-40AD-9B1C-ABE18313A5AA}.Release|Any CPU.Build.0 = Release|Any CPU
		{8737DE47-2041-400C-AAC9-36BCE194F5E4}.Debug|Any CPU.ActiveCfg = Debug|Any CPU
		{8737DE47-2041-400C-AAC9-36BCE194F5E4}.Debug|Any CPU.Build.0 = Debug|Any CPU
		{8737DE47-2041-400C-AAC9-36BCE194F5E4}.Release|Any CPU.ActiveCfg = Release|Any CPU
		{8737DE47-2041-400C-AAC9-36BCE194F5E4}.Release|Any CPU.Build.0 = Release|Any CPU
		{C84A904E-A240-4F9C-BE8E-943AB9C3B21F}.Debug|Any CPU.ActiveCfg = Debug|Any CPU
		{C84A904E-A240-4F9C-BE8E-943AB9C3B21F}.Debug|Any CPU.Build.0 = Debug|Any CPU
		{C84A904E-A240-4F9C-BE8E-943AB9C3B21F}.Release|Any CPU.ActiveCfg = Release|Any CPU
		{C84A904E-A240-4F9C-BE8E-943AB9C3B21F}.Release|Any CPU.Build.0 = Release|Any CPU
		{51B9B71C-79E5-4FC7-90BD-49911C653BDE}.Debug|Any CPU.ActiveCfg = Debug|Any CPU
		{51B9B71C-79E5-4FC7-90BD-49911C653BDE}.Debug|Any CPU.Build.0 = Debug|Any CPU
		{51B9B71C-79E5-4FC7-90BD-49911C653BDE}.Release|Any CPU.ActiveCfg = Release|Any CPU
		{51B9B71C-79E5-4FC7-90BD-49911C653BDE}.Release|Any CPU.Build.0 = Release|Any CPU
	EndGlobalSection
	GlobalSection(SolutionProperties) = preSolution
		HideSolutionNode = FALSE
	EndGlobalSection
EndGlobal
