
Microsoft Visual Studio Solution File, Format Version 12.00
# Visual Studio 2012
Project("{FAE04EC0-301F-11D3-BF4B-00C04F79EFBC}") = "Indexer", "Indexer\Indexer.csproj", "{C52EE8FD-7BDC-4B8A-A7D2-083AAF623F60}"
EndProject
Global
	GlobalSection(SolutionConfigurationPlatforms) = preSolution
		Debug|Any CPU = Debug|Any CPU
		Release|Any CPU = Release|Any CPU
	EndGlobalSection
	GlobalSection(ProjectConfigurationPlatforms) = postSolution
		{C52EE8FD-7BDC-4B8A-A7D2-083AAF623F60}.Debug|Any CPU.ActiveCfg = Debug|Any CPU
		{C52EE8FD-7BDC-4B8A-A7D2-083AAF623F60}.Debug|Any CPU.Build.0 = Debug|Any CPU
		{C52EE8FD-7BDC-4B8A-A7D2-083AAF623F60}.Release|Any CPU.ActiveCfg = Release|Any CPU
		{C52EE8FD-7BDC-4B8A-A7D2-083AAF623F60}.Release|Any CPU.Build.0 = Release|Any CPU
	EndGlobalSection
	GlobalSection(SolutionProperties) = preSolution
		HideSolutionNode = FALSE
	EndGlobalSection
EndGlobal
